// !$*UTF8*$!
{
	archiveVersion = 1;
	classes = {
	};
	objectVersion = 56;
	objects = {

/* Begin PBXBuildFile section */
		721ED9C22BD4683C0034F2B8 /* HomePage.swift in Sources */ = {isa = PBXBuildFile; fileRef = 721ED9C12BD4683C0034F2B8 /* HomePage.swift */; };
		721ED9C42BD470990034F2B8 /* TopNav.swift in Sources */ = {isa = PBXBuildFile; fileRef = 721ED9C32BD470990034F2B8 /* TopNav.swift */; };
		721ED9C62BD5028C0034F2B8 /* BottomNav.swift in Sources */ = {isa = PBXBuildFile; fileRef = 721ED9C52BD5028C0034F2B8 /* BottomNav.swift */; };
		724D5CE52BDA52940019620F /* VideoView.swift in Sources */ = {isa = PBXBuildFile; fileRef = 724D5CE42BDA52940019620F /* VideoView.swift */; };
		728016DF2BD41D27003416C9 /* youtubeSplashApp.swift in Sources */ = {isa = PBXBuildFile; fileRef = 728016DE2BD41D27003416C9 /* youtubeSplashApp.swift */; };
		728016E12BD41D27003416C9 /* ContentView.swift in Sources */ = {isa = PBXBuildFile; fileRef = 728016E02BD41D27003416C9 /* ContentView.swift */; };
		728016E32BD41D29003416C9 /* Assets.xcassets in Resources */ = {isa = PBXBuildFile; fileRef = 728016E22BD41D29003416C9 /* Assets.xcassets */; };
		728016E62BD41D29003416C9 /* Preview Assets.xcassets in Resources */ = {isa = PBXBuildFile; fileRef = 728016E52BD41D29003416C9 /* Preview Assets.xcassets */; };
		728016EE2BD41D67003416C9 /* Lottie in Frameworks */ = {isa = PBXBuildFile; productRef = 728016ED2BD41D67003416C9 /* Lottie */; };
		728016F02BD41D7B003416C9 /* LottieView.swift in Sources */ = {isa = PBXBuildFile; fileRef = 728016EF2BD41D7B003416C9 /* LottieView.swift */; };
		728016F22BD41DAD003416C9 /* youtube.json in Resources */ = {isa = PBXBuildFile; fileRef = 728016F12BD41DAD003416C9 /* youtube.json */; };
/* End PBXBuildFile section */

/* Begin PBXFileReference section */
		721ED9C12BD4683C0034F2B8 /* HomePage.swift */ = {isa = PBXFileReference; lastKnownFileType = sourcecode.swift; path = HomePage.swift; sourceTree = "<group>"; };
		721ED9C32BD470990034F2B8 /* TopNav.swift */ = {isa = PBXFileReference; lastKnownFileType = sourcecode.swift; path = TopNav.swift; sourceTree = "<group>"; };
		721ED9C52BD5028C0034F2B8 /* BottomNav.swift */ = {isa = PBXFileReference; lastKnownFileType = sourcecode.swift; path = BottomNav.swift; sourceTree = "<group>"; };
		724D5CE42BDA52940019620F /* VideoView.swift */ = {isa = PBXFileReference; lastKnownFileType = sourcecode.swift; path = VideoView.swift; sourceTree = "<group>"; };
		728016DB2BD41D27003416C9 /* youtubeSplash.app */ = {isa = PBXFileReference; explicitFileType = wrapper.application; includeInIndex = 0; path = youtubeSplash.app; sourceTree = BUILT_PRODUCTS_DIR; };
		728016DE2BD41D27003416C9 /* youtubeSplashApp.swift */ = {isa = PBXFileReference; lastKnownFileType = sourcecode.swift; path = youtubeSplashApp.swift; sourceTree = "<group>"; };
		728016E02BD41D27003416C9 /* ContentView.swift */ = {isa = PBXFileReference; lastKnownFileType = sourcecode.swift; path = ContentView.swift; sourceTree = "<group>"; };
		728016E22BD41D29003416C9 /* Assets.xcassets */ = {isa = PBXFileReference; lastKnownFileType = folder.assetcatalog; path = Assets.xcassets; sourceTree = "<group>"; };
		728016E52BD41D29003416C9 /* Preview Assets.xcassets */ = {isa = PBXFileReference; lastKnownFileType = folder.assetcatalog; path = "Preview Assets.xcassets"; sourceTree = "<group>"; };
		728016EF2BD41D7B003416C9 /* LottieView.swift */ = {isa = PBXFileReference; lastKnownFileType = sourcecode.swift; path = LottieView.swift; sourceTree = "<group>"; };
		728016F12BD41DAD003416C9 /* youtube.json */ = {isa = PBXFileReference; fileEncoding = 4; lastKnownFileType = text.json; path = youtube.json; sourceTree = "<group>"; };
/* End PBXFileReference section */

/* Begin PBXFrameworksBuildPhase section */
		728016D82BD41D27003416C9 /* Frameworks */ = {
			isa = PBXFrameworksBuildPhase;
			buildActionMask = 2147483647;
			files = (
				728016EE2BD41D67003416C9 /* Lottie in Frameworks */,
			);
			runOnlyForDeploymentPostprocessing = 0;
		};
/* End PBXFrameworksBuildPhase section */

/* Begin PBXGroup section */
		728016D22BD41D27003416C9 = {
			isa = PBXGroup;
			children = (
				728016DD2BD41D27003416C9 /* youtubeSplash */,
				728016DC2BD41D27003416C9 /* Products */,
			);
			sourceTree = "<group>";
		};
		728016DC2BD41D27003416C9 /* Products */ = {
			isa = PBXGroup;
			children = (
				728016DB2BD41D27003416C9 /* youtubeSplash.app */,
			);
			name = Products;
			sourceTree = "<group>";
		};
		728016DD2BD41D27003416C9 /* youtubeSplash */ = {
			isa = PBXGroup;
			children = (
				728016DE2BD41D27003416C9 /* youtubeSplashApp.swift */,
				728016E02BD41D27003416C9 /* ContentView.swift */,
				728016E22BD41D29003416C9 /* Assets.xcassets */,
				728016F12BD41DAD003416C9 /* youtube.json */,
				728016E42BD41D29003416C9 /* Preview Content */,
				728016EF2BD41D7B003416C9 /* LottieView.swift */,
				721ED9C12BD4683C0034F2B8 /* HomePage.swift */,
				721ED9C32BD470990034F2B8 /* TopNav.swift */,
				721ED9C52BD5028C0034F2B8 /* BottomNav.swift */,
				724D5CE42BDA52940019620F /* VideoView.swift */,
			);
			path = youtubeSplash;
			sourceTree = "<group>";
		};
		728016E42BD41D29003416C9 /* Preview Content */ = {
			isa = PBXGroup;
			children = (
				728016E52BD41D29003416C9 /* Preview Assets.xcassets */,
			);
			path = "Preview Content";
			sourceTree = "<group>";
		};
/* End PBXGroup section */

/* Begin PBXNativeTarget section */
		728016DA2BD41D27003416C9 /* youtubeSplash */ = {
			isa = PBXNativeTarget;
			buildConfigurationList = 728016E92BD41D29003416C9 /* Build configuration list for PBXNativeTarget "youtubeSplash" */;
			buildPhases = (
				728016D72BD41D27003416C9 /* Sources */,
				728016D82BD41D27003416C9 /* Frameworks */,
				728016D92BD41D27003416C9 /* Resources */,
			);
			buildRules = (
			);
			dependencies = (
			);
			name = youtubeSplash;
			packageProductDependencies = (
				728016ED2BD41D67003416C9 /* Lottie */,
			);
			productName = youtubeSplash;
			productReference = 728016DB2BD41D27003416C9 /* youtubeSplash.app */;
			productType = "com.apple.product-type.application";
		};
/* End PBXNativeTarget section */

/* Begin PBXProject section */
		728016D32BD41D27003416C9 /* Project object */ = {
			isa = PBXProject;
			attributes = {
				BuildIndependentTargetsInParallel = 1;
				LastSwiftUpdateCheck = 1530;
				LastUpgradeCheck = 1530;
				TargetAttributes = {
					728016DA2BD41D27003416C9 = {
						CreatedOnToolsVersion = 15.3;
					};
				};
			};
			buildConfigurationList = 728016D62BD41D27003416C9 /* Build configuration list for PBXProject "youtubeSplash" */;
			compatibilityVersion = "Xcode 14.0";
			developmentRegion = en;
			hasScannedForEncodings = 0;
			knownRegions = (
				en,
				Base,
			);
			mainGroup = 728016D22BD41D27003416C9;
			packageReferences = (
				728016EC2BD41D67003416C9 /* XCRemoteSwiftPackageReference "lottie-ios" */,
			);
			productRefGroup = 728016DC2BD41D27003416C9 /* Products */;
			projectDirPath = "";
			projectRoot = "";
			targets = (
				728016DA2BD41D27003416C9 /* youtubeSplash */,
			);
		};
/* End PBXProject section */

/* Begin PBXResourcesBuildPhase section */
		728016D92BD41D27003416C9 /* Resources */ = {
			isa = PBXResourcesBuildPhase;
			buildActionMask = 2147483647;
			files = (
				728016E62BD41D29003416C9 /* Preview Assets.xcassets in Resources */,
				728016F22BD41DAD003416C9 /* youtube.json in Resources */,
				728016E32BD41D29003416C9 /* Assets.xcassets in Resources */,
			);
			runOnlyForDeploymentPostprocessing = 0;
		};
/* End PBXResourcesBuildPhase section */

/* Begin PBXSourcesBuildPhase section */
		728016D72BD41D27003416C9 /* Sources */ = {
			isa = PBXSourcesBuildPhase;
			buildActionMask = 2147483647;
			files = (
				728016E12BD41D27003416C9 /* ContentView.swift in Sources */,
				724D5CE52BDA52940019620F /* VideoView.swift in Sources */,
				728016DF2BD41D27003416C9 /* youtubeSplashApp.swift in Sources */,
				728016F02BD41D7B003416C9 /* LottieView.swift in Sources */,
				721ED9C22BD4683C0034F2B8 /* HomePage.swift in Sources */,
				721ED9C62BD5028C0034F2B8 /* BottomNav.swift in Sources */,
				721ED9C42BD470990034F2B8 /* TopNav.swift in Sources */,
			);
			runOnlyForDeploymentPostprocessing = 0;
		};
/* End PBXSourcesBuildPhase section */

/* Begin XCBuildConfiguration section */
		728016E72BD41D29003416C9 /* Debug */ = {
			isa = XCBuildConfiguration;
			buildSettings = {
				ALWAYS_SEARCH_USER_PATHS = NO;
				ASSETCATALOG_COMPILER_GENERATE_SWIFT_ASSET_SYMBOL_EXTENSIONS = YES;
				CLANG_ANALYZER_NONNULL = YES;
				CLANG_ANALYZER_NUMBER_OBJECT_CONVERSION = YES_AGGRESSIVE;
				CLANG_CXX_LANGUAGE_STANDARD = "gnu++20";
				CLANG_ENABLE_MODULES = YES;
				CLANG_ENABLE_OBJC_ARC = YES;
				CLANG_ENABLE_OBJC_WEAK = YES;
				CLANG_WARN_BLOCK_CAPTURE_AUTORELEASING = YES;
				CLANG_WARN_BOOL_CONVERSION = YES;
				CLANG_WARN_COMMA = YES;
				CLANG_WARN_CONSTANT_CONVERSION = YES;
				CLANG_WARN_DEPRECATED_OBJC_IMPLEMENTATIONS = YES;
				CLANG_WARN_DIRECT_OBJC_ISA_USAGE = YES_ERROR;
				CLANG_WARN_DOCUMENTATION_COMMENTS = YES;
				CLANG_WARN_EMPTY_BODY = YES;
				CLANG_WARN_ENUM_CONVERSION = YES;
				CLANG_WARN_INFINITE_RECURSION = YES;
				CLANG_WARN_INT_CONVERSION = YES;
				CLANG_WARN_NON_LITERAL_NULL_CONVERSION = YES;
				CLANG_WARN_OBJC_IMPLICIT_RETAIN_SELF = YES;
				CLANG_WARN_OBJC_LITERAL_CONVERSION = YES;
				CLANG_WARN_OBJC_ROOT_CLASS = YES_ERROR;
				CLANG_WARN_QUOTED_INCLUDE_IN_FRAMEWORK_HEADER = YES;
				CLANG_WARN_RANGE_LOOP_ANALYSIS = YES;
				CLANG_WARN_STRICT_PROTOTYPES = YES;
				CLANG_WARN_SUSPICIOUS_MOVE = YES;
				CLANG_WARN_UNGUARDED_AVAILABILITY = YES_AGGRESSIVE;
				CLANG_WARN_UNREACHABLE_CODE = YES;
				CLANG_WARN__DUPLICATE_METHOD_MATCH = YES;
				COPY_PHASE_STRIP = NO;
				DEBUG_INFORMATION_FORMAT = dwarf;
				ENABLE_STRICT_OBJC_MSGSEND = YES;
				ENABLE_TESTABILITY = YES;
				ENABLE_USER_SCRIPT_SANDBOXING = YES;
				GCC_C_LANGUAGE_STANDARD = gnu17;
				GCC_DYNAMIC_NO_PIC = NO;
				GCC_NO_COMMON_BLOCKS = YES;
				GCC_OPTIMIZATION_LEVEL = 0;
				GCC_PREPROCESSOR_DEFINITIONS = (
					"DEBUG=1",
					"$(inherited)",
				);
				GCC_WARN_64_TO_32_BIT_CONVERSION = YES;
				GCC_WARN_ABOUT_RETURN_TYPE = YES_ERROR;
				GCC_WARN_UNDECLARED_SELECTOR = YES;
				GCC_WARN_UNINITIALIZED_AUTOS = YES_AGGRESSIVE;
				GCC_WARN_UNUSED_FUNCTION = YES;
				GCC_WARN_UNUSED_VARIABLE = YES;
				IPHONEOS_DEPLOYMENT_TARGET = 17.4;
				LOCALIZATION_PREFERS_STRING_CATALOGS = YES;
				MTL_ENABLE_DEBUG_INFO = INCLUDE_SOURCE;
				MTL_FAST_MATH = YES;
				ONLY_ACTIVE_ARCH = YES;
				SDKROOT = iphoneos;
				SWIFT_ACTIVE_COMPILATION_CONDITIONS = "DEBUG $(inherited)";
				SWIFT_OPTIMIZATION_LEVEL = "-Onone";
			};
			name = Debug;
		};
		728016E82BD41D29003416C9 /* Release */ = {
			isa = XCBuildConfiguration;
			buildSettings = {
				ALWAYS_SEARCH_USER_PATHS = NO;
				ASSETCATALOG_COMPILER_GENERATE_SWIFT_ASSET_SYMBOL_EXTENSIONS = YES;
				CLANG_ANALYZER_NONNULL = YES;
				CLANG_ANALYZER_NUMBER_OBJECT_CONVERSION = YES_AGGRESSIVE;
				CLANG_CXX_LANGUAGE_STANDARD = "gnu++20";
				CLANG_ENABLE_MODULES = YES;
				CLANG_ENABLE_OBJC_ARC = YES;
				CLANG_ENABLE_OBJC_WEAK = YES;
				CLANG_WARN_BLOCK_CAPTURE_AUTORELEASING = YES;
				CLANG_WARN_BOOL_CONVERSION = YES;
				CLANG_WARN_COMMA = YES;
				CLANG_WARN_CONSTANT_CONVERSION = YES;
				CLANG_WARN_DEPRECATED_OBJC_IMPLEMENTATIONS = YES;
				CLANG_WARN_DIRECT_OBJC_ISA_USAGE = YES_ERROR;
				CLANG_WARN_DOCUMENTATION_COMMENTS = YES;
				CLANG_WARN_EMPTY_BODY = YES;
				CLANG_WARN_ENUM_CONVERSION = YES;
				CLANG_WARN_INFINITE_RECURSION = YES;
				CLANG_WARN_INT_CONVERSION = YES;
				CLANG_WARN_NON_LITERAL_NULL_CONVERSION = YES;
				CLANG_WARN_OBJC_IMPLICIT_RETAIN_SELF = YES;
				CLANG_WARN_OBJC_LITERAL_CONVERSION = YES;
				CLANG_WARN_OBJC_ROOT_CLASS = YES_ERROR;
				CLANG_WARN_QUOTED_INCLUDE_IN_FRAMEWORK_HEADER = YES;
				CLANG_WARN_RANGE_LOOP_ANALYSIS = YES;
				CLANG_WARN_STRICT_PROTOTYPES = YES;
				CLANG_WARN_SUSPICIOUS_MOVE = YES;
				CLANG_WARN_UNGUARDED_AVAILABILITY = YES_AGGRESSIVE;
				CLANG_WARN_UNREACHABLE_CODE = YES;
				CLANG_WARN__DUPLICATE_METHOD_MATCH = YES;
				COPY_PHASE_STRIP = NO;
				DEBUG_INFORMATION_FORMAT = "dwarf-with-dsym";
				ENABLE_NS_ASSERTIONS = NO;
				ENABLE_STRICT_OBJC_MSGSEND = YES;
				ENABLE_USER_SCRIPT_SANDBOXING = YES;
				GCC_C_LANGUAGE_STANDARD = gnu17;
				GCC_NO_COMMON_BLOCKS = YES;
				GCC_WARN_64_TO_32_BIT_CONVERSION = YES;
				GCC_WARN_ABOUT_RETURN_TYPE = YES_ERROR;
				GCC_WARN_UNDECLARED_SELECTOR = YES;
				GCC_WARN_UNINITIALIZED_AUTOS = YES_AGGRESSIVE;
				GCC_WARN_UNUSED_FUNCTION = YES;
				GCC_WARN_UNUSED_VARIABLE = YES;
				IPHONEOS_DEPLOYMENT_TARGET = 17.4;
				LOCALIZATION_PREFERS_STRING_CATALOGS = YES;
				MTL_ENABLE_DEBUG_INFO = NO;
				MTL_FAST_MATH = YES;
				SDKROOT = iphoneos;
				SWIFT_COMPILATION_MODE = wholemodule;
				VALIDATE_PRODUCT = YES;
			};
			name = Release;
		};
		728016EA2BD41D29003416C9 /* Debug */ = {
			isa = XCBuildConfiguration;
			buildSettings = {
				ASSETCATALOG_COMPILER_APPICON_NAME = AppIcon;
				ASSETCATALOG_COMPILER_GLOBAL_ACCENT_COLOR_NAME = AccentColor;
				CODE_SIGN_STYLE = Automatic;
				CURRENT_PROJECT_VERSION = 1;
				DEVELOPMENT_ASSET_PATHS = "\"youtubeSplash/Preview Content\"";
				DEVELOPMENT_TEAM = 63SM7D7UXW;
				ENABLE_PREVIEWS = YES;
				GENERATE_INFOPLIST_FILE = YES;
				INFOPLIST_KEY_UIApplicationSceneManifest_Generation = YES;
				INFOPLIST_KEY_UIApplicationSupportsIndirectInputEvents = YES;
				INFOPLIST_KEY_UILaunchScreen_Generation = YES;
				INFOPLIST_KEY_UISupportedInterfaceOrientations_iPad = "UIInterfaceOrientationPortrait UIInterfaceOrientationPortraitUpsideDown UIInterfaceOrientationLandscapeLeft UIInterfaceOrientationLandscapeRight";
				INFOPLIST_KEY_UISupportedInterfaceOrientations_iPhone = "UIInterfaceOrientationPortrait UIInterfaceOrientationLandscapeLeft UIInterfaceOrientationLandscapeRight";
				LD_RUNPATH_SEARCH_PATHS = (
					"$(inherited)",
					"@executable_path/Frameworks",
				);
				MARKETING_VERSION = 1.0;
				PRODUCT_BUNDLE_IDENTIFIER = vry.Youtube;
				PRODUCT_NAME = "$(TARGET_NAME)";
				SWIFT_EMIT_LOC_STRINGS = YES;
				SWIFT_VERSION = 5.0;
				TARGETED_DEVICE_FAMILY = "1,2";
			};
			name = Debug;
		};
		728016EB2BD41D29003416C9 /* Release */ = {
			isa = XCBuildConfiguration;
			buildSettings = {
				ASSETCATALOG_COMPILER_APPICON_NAME = AppIcon;
				ASSETCATALOG_COMPILER_GLOBAL_ACCENT_COLOR_NAME = AccentColor;
				CODE_SIGN_STYLE = Automatic;
				CURRENT_PROJECT_VERSION = 1;
				DEVELOPMENT_ASSET_PATHS = "\"youtubeSplash/Preview Content\"";
				DEVELOPMENT_TEAM = 63SM7D7UXW;
				ENABLE_PREVIEWS = YES;
				GENERATE_INFOPLIST_FILE = YES;
				INFOPLIST_KEY_UIApplicationSceneManifest_Generation = YES;
				INFOPLIST_KEY_UIApplicationSupportsIndirectInputEvents = YES;
				INFOPLIST_KEY_UILaunchScreen_Generation = YES;
				INFOPLIST_KEY_UISupportedInterfaceOrientations_iPad = "UIInterfaceOrientationPortrait UIInterfaceOrientationPortraitUpsideDown UIInterfaceOrientationLandscapeLeft UIInterfaceOrientationLandscapeRight";
				INFOPLIST_KEY_UISupportedInterfaceOrientations_iPhone = "UIInterfaceOrientationPortrait UIInterfaceOrientationLandscapeLeft UIInterfaceOrientationLandscapeRight";
				LD_RUNPATH_SEARCH_PATHS = (
					"$(inherited)",
					"@executable_path/Frameworks",
				);
				MARKETING_VERSION = 1.0;
				PRODUCT_BUNDLE_IDENTIFIER = vry.Youtube;
				PRODUCT_NAME = "$(TARGET_NAME)";
				SWIFT_EMIT_LOC_STRINGS = YES;
				SWIFT_VERSION = 5.0;
				TARGETED_DEVICE_FAMILY = "1,2";
			};
			name = Release;
		};
/* End XCBuildConfiguration section */

/* Begin XCConfigurationList section */
		728016D62BD41D27003416C9 /* Build configuration list for PBXProject "youtubeSplash" */ = {
			isa = XCConfigurationList;
			buildConfigurations = (
				728016E72BD41D29003416C9 /* Debug */,
				728016E82BD41D29003416C9 /* Release */,
			);
			defaultConfigurationIsVisible = 0;
			defaultConfigurationName = Release;
		};
		728016E92BD41D29003416C9 /* Build configuration list for PBXNativeTarget "youtubeSplash" */ = {
			isa = XCConfigurationList;
			buildConfigurations = (
				728016EA2BD41D29003416C9 /* Debug */,
				728016EB2BD41D29003416C9 /* Release */,
			);
			defaultConfigurationIsVisible = 0;
			defaultConfigurationName = Release;
		};
/* End XCConfigurationList section */

/* Begin XCRemoteSwiftPackageReference section */
		728016EC2BD41D67003416C9 /* XCRemoteSwiftPackageReference "lottie-ios" */ = {
			isa = XCRemoteSwiftPackageReference;
			repositoryURL = "https://github.com/airbnb/lottie-ios";
			requirement = {
				kind = upToNextMajorVersion;
				minimumVersion = 4.4.3;
			};
		};
/* End XCRemoteSwiftPackageReference section */

/* Begin XCSwiftPackageProductDependency section */
		728016ED2BD41D67003416C9 /* Lottie */ = {
			isa = XCSwiftPackageProductDependency;
			package = 728016EC2BD41D67003416C9 /* XCRemoteSwiftPackageReference "lottie-ios" */;
			productName = Lottie;
		};
/* End XCSwiftPackageProductDependency section */
	};
	rootObject = 728016D32BD41D27003416C9 /* Project object */;
}
